{
  "name": "cachebank",
  "version": "1.0.0",
  "lockfileVersion": 2,
  "requires": true,
  "packages": {
    "": {
      "name": "cachebank",
      "version": "1.0.0",
      "license": "ISC",
      "devDependencies": {},
      "engines": {
        "node": ">=13.0.0",
        "npm": ">=4.0.0"
      }
    }
  }
}
